
Microsoft Visual Studio Solution File, Format Version 12.00
# Visual Studio Version 16
VisualStudioVersion = 16.0.29230.47
MinimumVisualStudioVersion = 10.0.40219.1
Project("{9A19103F-16F7-4668-BE54-9A1E7A4F7556}") = "Penguin.Threading.ChainedBackgroundWorker", "Penguin.Threading.ChainedBackgroundWorker.csproj", "{CC45CD83-46D9-4DC5-BAC9-8660D94A8307}"
EndProject
Global
	GlobalSection(SolutionConfigurationPlatforms) = preSolution
		Debug|Any CPU = Debug|Any CPU
		Release|Any CPU = Release|Any CPU
	EndGlobalSection
	GlobalSection(ProjectConfigurationPlatforms) = postSolution
		{CC45CD83-46D9-4DC5-BAC9-8660D94A8307}.Debug|Any CPU.ActiveCfg = Debug|Any CPU
		{CC45CD83-46D9-4DC5-BAC9-8660D94A8307}.Debug|Any CPU.Build.0 = Debug|Any CPU
		{CC45CD83-46D9-4DC5-BAC9-8660D94A8307}.Release|Any CPU.ActiveCfg = Release|Any CPU
		{CC45CD83-46D9-4DC5-BAC9-8660D94A8307}.Release|Any CPU.Build.0 = Release|Any CPU
	EndGlobalSection
	GlobalSection(SolutionProperties) = preSolution
		HideSolutionNode = FALSE
	EndGlobalSection
	GlobalSection(ExtensibilityGlobals) = postSolution
		SolutionGuid = {88AB39C7-41DC-4534-A41C-0E31234C2E60}
	EndGlobalSection
EndGlobal
